// !$*UTF8*$!
{
	archiveVersion = 1;
	classes = {
	};
	objectVersion = 50;
	objects = {

/* Begin PBXBuildFile section */
		9D3D91B323CF1D0D0057001B /* AppDelegate.swift in Sources */ = {isa = PBXBuildFile; fileRef = 9D3D91B223CF1D0D0057001B /* AppDelegate.swift */; };
		9D3D91B523CF1D0D0057001B /* SceneDelegate.swift in Sources */ = {isa = PBXBuildFile; fileRef = 9D3D91B423CF1D0D0057001B /* SceneDelegate.swift */; };
		9D3D91B723CF1D0D0057001B /* ViewController.swift in Sources */ = {isa = PBXBuildFile; fileRef = 9D3D91B623CF1D0D0057001B /* ViewController.swift */; };
		9D3D91BA23CF1D0D0057001B /* Main.storyboard in Resources */ = {isa = PBXBuildFile; fileRef = 9D3D91B823CF1D0D0057001B /* Main.storyboard */; };
		9D3D91BC23CF1D100057001B /* Assets.xcassets in Resources */ = {isa = PBXBuildFile; fileRef = 9D3D91BB23CF1D100057001B /* Assets.xcassets */; };
		9D3D91BF23CF1D100057001B /* LaunchScreen.storyboard in Resources */ = {isa = PBXBuildFile; fileRef = 9D3D91BD23CF1D100057001B /* LaunchScreen.storyboard */; };
		9D3D91CB23CF21740057001B /* LeagueTableViewController.swift in Sources */ = {isa = PBXBuildFile; fileRef = 9D3D91CA23CF21740057001B /* LeagueTableViewController.swift */; };
		9D3D91CD23CF23B50057001B /* LeagueTableViewCell.swift in Sources */ = {isa = PBXBuildFile; fileRef = 9D3D91CC23CF23B50057001B /* LeagueTableViewCell.swift */; };
		9D3D91D423CF3B110057001B /* NanumPen.ttf in Resources */ = {isa = PBXBuildFile; fileRef = 9D3D91D123CF37B30057001B /* NanumPen.ttf */; };
		9D3D91D623CF3C2D0057001B /* koverwatch.ttf in Resources */ = {isa = PBXBuildFile; fileRef = 9D3D91D523CF3C2A0057001B /* koverwatch.ttf */; };
		9D6DCFE223D30A00008330A2 /* ClubCollectionViewCell.swift in Sources */ = {isa = PBXBuildFile; fileRef = 9D6DCFE023D30A00008330A2 /* ClubCollectionViewCell.swift */; };
		9D6DCFE323D30A00008330A2 /* ClubCollectionViewCell.xib in Resources */ = {isa = PBXBuildFile; fileRef = 9D6DCFE123D30A00008330A2 /* ClubCollectionViewCell.xib */; };
		9D6DCFE523D31617008330A2 /* ImageViewerViewController.swift in Sources */ = {isa = PBXBuildFile; fileRef = 9D6DCFE423D31617008330A2 /* ImageViewerViewController.swift */; };
		9DE9393823CF919900BF08F7 /* Default-568h@2x.png in Resources */ = {isa = PBXBuildFile; fileRef = 9DE9393723CF919900BF08F7 /* Default-568h@2x.png */; };
		9DE9393A23CF94FD00BF08F7 /* ClubViewController.swift in Sources */ = {isa = PBXBuildFile; fileRef = 9DE9393923CF94FD00BF08F7 /* ClubViewController.swift */; };
/* End PBXBuildFile section */

/* Begin PBXFileReference section */
		9D3D91AF23CF1D0D0057001B /* Footics.app */ = {isa = PBXFileReference; explicitFileType = wrapper.application; includeInIndex = 0; path = Footics.app; sourceTree = BUILT_PRODUCTS_DIR; };
		9D3D91B223CF1D0D0057001B /* AppDelegate.swift */ = {isa = PBXFileReference; lastKnownFileType = sourcecode.swift; path = AppDelegate.swift; sourceTree = "<group>"; };
		9D3D91B423CF1D0D0057001B /* SceneDelegate.swift */ = {isa = PBXFileReference; lastKnownFileType = sourcecode.swift; path = SceneDelegate.swift; sourceTree = "<group>"; };
		9D3D91B623CF1D0D0057001B /* ViewController.swift */ = {isa = PBXFileReference; lastKnownFileType = sourcecode.swift; path = ViewController.swift; sourceTree = "<group>"; };
		9D3D91B923CF1D0D0057001B /* Base */ = {isa = PBXFileReference; lastKnownFileType = file.storyboard; name = Base; path = Base.lproj/Main.storyboard; sourceTree = "<group>"; };
		9D3D91BB23CF1D100057001B /* Assets.xcassets */ = {isa = PBXFileReference; lastKnownFileType = folder.assetcatalog; path = Assets.xcassets; sourceTree = "<group>"; };
		9D3D91BE23CF1D100057001B /* Base */ = {isa = PBXFileReference; lastKnownFileType = file.storyboard; name = Base; path = Base.lproj/LaunchScreen.storyboard; sourceTree = "<group>"; };
		9D3D91C023CF1D100057001B /* Info.plist */ = {isa = PBXFileReference; lastKnownFileType = text.plist.xml; path = Info.plist; sourceTree = "<group>"; };
		9D3D91CA23CF21740057001B /* LeagueTableViewController.swift */ = {isa = PBXFileReference; lastKnownFileType = sourcecode.swift; path = LeagueTableViewController.swift; sourceTree = "<group>"; };
		9D3D91CC23CF23B50057001B /* LeagueTableViewCell.swift */ = {isa = PBXFileReference; lastKnownFileType = sourcecode.swift; path = LeagueTableViewCell.swift; sourceTree = "<group>"; };
		9D3D91D123CF37B30057001B /* NanumPen.ttf */ = {isa = PBXFileReference; lastKnownFileType = file; path = NanumPen.ttf; sourceTree = "<group>"; };
		9D3D91D523CF3C2A0057001B /* koverwatch.ttf */ = {isa = PBXFileReference; lastKnownFileType = file; path = koverwatch.ttf; sourceTree = "<group>"; };
		9D6DCFE023D30A00008330A2 /* ClubCollectionViewCell.swift */ = {isa = PBXFileReference; lastKnownFileType = sourcecode.swift; path = ClubCollectionViewCell.swift; sourceTree = "<group>"; };
		9D6DCFE123D30A00008330A2 /* ClubCollectionViewCell.xib */ = {isa = PBXFileReference; lastKnownFileType = file.xib; path = ClubCollectionViewCell.xib; sourceTree = "<group>"; };
		9D6DCFE423D31617008330A2 /* ImageViewerViewController.swift */ = {isa = PBXFileReference; lastKnownFileType = sourcecode.swift; path = ImageViewerViewController.swift; sourceTree = "<group>"; };
		9DE9393723CF919900BF08F7 /* Default-568h@2x.png */ = {isa = PBXFileReference; lastKnownFileType = image.png; path = "Default-568h@2x.png"; sourceTree = "<group>"; };
		9DE9393923CF94FD00BF08F7 /* ClubViewController.swift */ = {isa = PBXFileReference; lastKnownFileType = sourcecode.swift; path = ClubViewController.swift; sourceTree = "<group>"; };
/* End PBXFileReference section */

/* Begin PBXFrameworksBuildPhase section */
		9D3D91AC23CF1D0D0057001B /* Frameworks */ = {
			isa = PBXFrameworksBuildPhase;
			buildActionMask = 2147483647;
			files = (
			);
			runOnlyForDeploymentPostprocessing = 0;
		};
/* End PBXFrameworksBuildPhase section */

/* Begin PBXGroup section */
		9D3D91A623CF1D0D0057001B = {
			isa = PBXGroup;
			children = (
				9DE9393723CF919900BF08F7 /* Default-568h@2x.png */,
				9D3D91B123CF1D0D0057001B /* Footics */,
				9D3D91B023CF1D0D0057001B /* Products */,
			);
			sourceTree = "<group>";
		};
		9D3D91B023CF1D0D0057001B /* Products */ = {
			isa = PBXGroup;
			children = (
				9D3D91AF23CF1D0D0057001B /* Footics.app */,
			);
			name = Products;
			sourceTree = "<group>";
		};
		9D3D91B123CF1D0D0057001B /* Footics */ = {
			isa = PBXGroup;
			children = (
				9D3D91CA23CF21740057001B /* LeagueTableViewController.swift */,
				9D3D91CC23CF23B50057001B /* LeagueTableViewCell.swift */,
				9D3D91D023CF37AA0057001B /* font */,
				9D3D91B223CF1D0D0057001B /* AppDelegate.swift */,
				9D3D91B423CF1D0D0057001B /* SceneDelegate.swift */,
				9D3D91B623CF1D0D0057001B /* ViewController.swift */,
				9D3D91B823CF1D0D0057001B /* Main.storyboard */,
				9D3D91BB23CF1D100057001B /* Assets.xcassets */,
				9D3D91BD23CF1D100057001B /* LaunchScreen.storyboard */,
				9D3D91C023CF1D100057001B /* Info.plist */,
				9DE9393923CF94FD00BF08F7 /* ClubViewController.swift */,
				9D6DCFE023D30A00008330A2 /* ClubCollectionViewCell.swift */,
				9D6DCFE423D31617008330A2 /* ImageViewerViewController.swift */,
				9D6DCFE123D30A00008330A2 /* ClubCollectionViewCell.xib */,
			);
			path = Footics;
			sourceTree = "<group>";
		};
		9D3D91D023CF37AA0057001B /* font */ = {
			isa = PBXGroup;
			children = (
				9D3D91D523CF3C2A0057001B /* koverwatch.ttf */,
				9D3D91D123CF37B30057001B /* NanumPen.ttf */,
			);
			path = font;
			sourceTree = "<group>";
		};
/* End PBXGroup section */

/* Begin PBXNativeTarget section */
		9D3D91AE23CF1D0D0057001B /* Footics */ = {
			isa = PBXNativeTarget;
			buildConfigurationList = 9D3D91C323CF1D100057001B /* Build configuration list for PBXNativeTarget "Footics" */;
			buildPhases = (
				9D3D91AB23CF1D0D0057001B /* Sources */,
				9D3D91AC23CF1D0D0057001B /* Frameworks */,
				9D3D91AD23CF1D0D0057001B /* Resources */,
			);
			buildRules = (
			);
			dependencies = (
			);
			name = Footics;
			productName = customTableView;
			productReference = 9D3D91AF23CF1D0D0057001B /* Footics.app */;
			productType = "com.apple.product-type.application";
		};
/* End PBXNativeTarget section */

/* Begin PBXProject section */
		9D3D91A723CF1D0D0057001B /* Project object */ = {
			isa = PBXProject;
			attributes = {
				LastSwiftUpdateCheck = 1130;
				LastUpgradeCheck = 1130;
				ORGANIZATIONNAME = "김주훈";
				TargetAttributes = {
					9D3D91AE23CF1D0D0057001B = {
						CreatedOnToolsVersion = 11.3;
					};
				};
			};
			buildConfigurationList = 9D3D91AA23CF1D0D0057001B /* Build configuration list for PBXProject "Footics" */;
			compatibilityVersion = "Xcode 9.3";
			developmentRegion = en;
			hasScannedForEncodings = 0;
			knownRegions = (
				en,
				Base,
			);
			mainGroup = 9D3D91A623CF1D0D0057001B;
			productRefGroup = 9D3D91B023CF1D0D0057001B /* Products */;
			projectDirPath = "";
			projectRoot = "";
			targets = (
				9D3D91AE23CF1D0D0057001B /* Footics */,
			);
		};
/* End PBXProject section */

/* Begin PBXResourcesBuildPhase section */
		9D3D91AD23CF1D0D0057001B /* Resources */ = {
			isa = PBXResourcesBuildPhase;
			buildActionMask = 2147483647;
			files = (
				9D3D91D623CF3C2D0057001B /* koverwatch.ttf in Resources */,
				9D3D91BF23CF1D100057001B /* LaunchScreen.storyboard in Resources */,
				9D3D91BC23CF1D100057001B /* Assets.xcassets in Resources */,
				9D3D91D423CF3B110057001B /* NanumPen.ttf in Resources */,
				9D3D91BA23CF1D0D0057001B /* Main.storyboard in Resources */,
				9D6DCFE323D30A00008330A2 /* ClubCollectionViewCell.xib in Resources */,
				9DE9393823CF919900BF08F7 /* Default-568h@2x.png in Resources */,
			);
			runOnlyForDeploymentPostprocessing = 0;
		};
/* End PBXResourcesBuildPhase section */

/* Begin PBXSourcesBuildPhase section */
		9D3D91AB23CF1D0D0057001B /* Sources */ = {
			isa = PBXSourcesBuildPhase;
			buildActionMask = 2147483647;
			files = (
				9D3D91CB23CF21740057001B /* LeagueTableViewController.swift in Sources */,
				9D6DCFE223D30A00008330A2 /* ClubCollectionViewCell.swift in Sources */,
				9DE9393A23CF94FD00BF08F7 /* ClubViewController.swift in Sources */,
				9D3D91CD23CF23B50057001B /* LeagueTableViewCell.swift in Sources */,
				9D3D91B723CF1D0D0057001B /* ViewController.swift in Sources */,
				9D3D91B323CF1D0D0057001B /* AppDelegate.swift in Sources */,
				9D6DCFE523D31617008330A2 /* ImageViewerViewController.swift in Sources */,
				9D3D91B523CF1D0D0057001B /* SceneDelegate.swift in Sources */,
			);
			runOnlyForDeploymentPostprocessing = 0;
		};
/* End PBXSourcesBuildPhase section */

/* Begin PBXVariantGroup section */
		9D3D91B823CF1D0D0057001B /* Main.storyboard */ = {
			isa = PBXVariantGroup;
			children = (
				9D3D91B923CF1D0D0057001B /* Base */,
			);
			name = Main.storyboard;
			sourceTree = "<group>";
		};
		9D3D91BD23CF1D100057001B /* LaunchScreen.storyboard */ = {
			isa = PBXVariantGroup;
			children = (
				9D3D91BE23CF1D100057001B /* Base */,
			);
			name = LaunchScreen.storyboard;
			sourceTree = "<group>";
		};
/* End PBXVariantGroup section */

/* Begin XCBuildConfiguration section */
		9D3D91C123CF1D100057001B /* Debug */ = {
			isa = XCBuildConfiguration;
			buildSettings = {
				ALWAYS_SEARCH_USER_PATHS = NO;
				CLANG_ANALYZER_NONNULL = YES;
				CLANG_ANALYZER_NUMBER_OBJECT_CONVERSION = YES_AGGRESSIVE;
				CLANG_CXX_LANGUAGE_STANDARD = "gnu++14";
				CLANG_CXX_LIBRARY = "libc++";
				CLANG_ENABLE_MODULES = YES;
				CLANG_ENABLE_OBJC_ARC = YES;
				CLANG_ENABLE_OBJC_WEAK = YES;
				CLANG_WARN_BLOCK_CAPTURE_AUTORELEASING = YES;
				CLANG_WARN_BOOL_CONVERSION = YES;
				CLANG_WARN_COMMA = YES;
				CLANG_WARN_CONSTANT_CONVERSION = YES;
				CLANG_WARN_DEPRECATED_OBJC_IMPLEMENTATIONS = YES;
				CLANG_WARN_DIRECT_OBJC_ISA_USAGE = YES_ERROR;
				CLANG_WARN_DOCUMENTATION_COMMENTS = YES;
				CLANG_WARN_EMPTY_BODY = YES;
				CLANG_WARN_ENUM_CONVERSION = YES;
				CLANG_WARN_INFINITE_RECURSION = YES;
				CLANG_WARN_INT_CONVERSION = YES;
				CLANG_WARN_NON_LITERAL_NULL_CONVERSION = YES;
				CLANG_WARN_OBJC_IMPLICIT_RETAIN_SELF = YES;
				CLANG_WARN_OBJC_LITERAL_CONVERSION = YES;
				CLANG_WARN_OBJC_ROOT_CLASS = YES_ERROR;
				CLANG_WARN_RANGE_LOOP_ANALYSIS = YES;
				CLANG_WARN_STRICT_PROTOTYPES = YES;
				CLANG_WARN_SUSPICIOUS_MOVE = YES;
				CLANG_WARN_UNGUARDED_AVAILABILITY = YES_AGGRESSIVE;
				CLANG_WARN_UNREACHABLE_CODE = YES;
				CLANG_WARN__DUPLICATE_METHOD_MATCH = YES;
				COPY_PHASE_STRIP = NO;
				DEBUG_INFORMATION_FORMAT = dwarf;
				ENABLE_STRICT_OBJC_MSGSEND = YES;
				ENABLE_TESTABILITY = YES;
				GCC_C_LANGUAGE_STANDARD = gnu11;
				GCC_DYNAMIC_NO_PIC = NO;
				GCC_NO_COMMON_BLOCKS = YES;
				GCC_OPTIMIZATION_LEVEL = 0;
				GCC_PREPROCESSOR_DEFINITIONS = (
					"DEBUG=1",
					"$(inherited)",
				);
				GCC_WARN_64_TO_32_BIT_CONVERSION = YES;
				GCC_WARN_ABOUT_RETURN_TYPE = YES_ERROR;
				GCC_WARN_UNDECLARED_SELECTOR = YES;
				GCC_WARN_UNINITIALIZED_AUTOS = YES_AGGRESSIVE;
				GCC_WARN_UNUSED_FUNCTION = YES;
				GCC_WARN_UNUSED_VARIABLE = YES;
				IPHONEOS_DEPLOYMENT_TARGET = 13.2;
				MTL_ENABLE_DEBUG_INFO = INCLUDE_SOURCE;
				MTL_FAST_MATH = YES;
				ONLY_ACTIVE_ARCH = YES;
				SDKROOT = iphoneos;
				SWIFT_ACTIVE_COMPILATION_CONDITIONS = DEBUG;
				SWIFT_OPTIMIZATION_LEVEL = "-Onone";
			};
			name = Debug;
		};
		9D3D91C223CF1D100057001B /* Release */ = {
			isa = XCBuildConfiguration;
			buildSettings = {
				ALWAYS_SEARCH_USER_PATHS = NO;
				CLANG_ANALYZER_NONNULL = YES;
				CLANG_ANALYZER_NUMBER_OBJECT_CONVERSION = YES_AGGRESSIVE;
				CLANG_CXX_LANGUAGE_STANDARD = "gnu++14";
				CLANG_CXX_LIBRARY = "libc++";
				CLANG_ENABLE_MODULES = YES;
				CLANG_ENABLE_OBJC_ARC = YES;
				CLANG_ENABLE_OBJC_WEAK = YES;
				CLANG_WARN_BLOCK_CAPTURE_AUTORELEASING = YES;
				CLANG_WARN_BOOL_CONVERSION = YES;
				CLANG_WARN_COMMA = YES;
				CLANG_WARN_CONSTANT_CONVERSION = YES;
				CLANG_WARN_DEPRECATED_OBJC_IMPLEMENTATIONS = YES;
				CLANG_WARN_DIRECT_OBJC_ISA_USAGE = YES_ERROR;
				CLANG_WARN_DOCUMENTATION_COMMENTS = YES;
				CLANG_WARN_EMPTY_BODY = YES;
				CLANG_WARN_ENUM_CONVERSION = YES;
				CLANG_WARN_INFINITE_RECURSION = YES;
				CLANG_WARN_INT_CONVERSION = YES;
				CLANG_WARN_NON_LITERAL_NULL_CONVERSION = YES;
				CLANG_WARN_OBJC_IMPLICIT_RETAIN_SELF = YES;
				CLANG_WARN_OBJC_LITERAL_CONVERSION = YES;
				CLANG_WARN_OBJC_ROOT_CLASS = YES_ERROR;
				CLANG_WARN_RANGE_LOOP_ANALYSIS = YES;
				CLANG_WARN_STRICT_PROTOTYPES = YES;
				CLANG_WARN_SUSPICIOUS_MOVE = YES;
				CLANG_WARN_UNGUARDED_AVAILABILITY = YES_AGGRESSIVE;
				CLANG_WARN_UNREACHABLE_CODE = YES;
				CLANG_WARN__DUPLICATE_METHOD_MATCH = YES;
				COPY_PHASE_STRIP = NO;
				DEBUG_INFORMATION_FORMAT = "dwarf-with-dsym";
				ENABLE_NS_ASSERTIONS = NO;
				ENABLE_STRICT_OBJC_MSGSEND = YES;
				GCC_C_LANGUAGE_STANDARD = gnu11;
				GCC_NO_COMMON_BLOCKS = YES;
				GCC_WARN_64_TO_32_BIT_CONVERSION = YES;
				GCC_WARN_ABOUT_RETURN_TYPE = YES_ERROR;
				GCC_WARN_UNDECLARED_SELECTOR = YES;
				GCC_WARN_UNINITIALIZED_AUTOS = YES_AGGRESSIVE;
				GCC_WARN_UNUSED_FUNCTION = YES;
				GCC_WARN_UNUSED_VARIABLE = YES;
				IPHONEOS_DEPLOYMENT_TARGET = 13.2;
				MTL_ENABLE_DEBUG_INFO = NO;
				MTL_FAST_MATH = YES;
				SDKROOT = iphoneos;
				SWIFT_COMPILATION_MODE = wholemodule;
				SWIFT_OPTIMIZATION_LEVEL = "-O";
				VALIDATE_PRODUCT = YES;
			};
			name = Release;
		};
		9D3D91C423CF1D100057001B /* Debug */ = {
			isa = XCBuildConfiguration;
			buildSettings = {
				ASSETCATALOG_COMPILER_APPICON_NAME = AppIcon;
				CODE_SIGN_STYLE = Automatic;
				DEVELOPMENT_TEAM = QWMN88L93Y;
				INFOPLIST_FILE = Footics/Info.plist;
				LD_RUNPATH_SEARCH_PATHS = (
					"$(inherited)",
					"@executable_path/Frameworks",
				);
				PRODUCT_BUNDLE_IDENTIFIER = "Kim-Ju-Hoon.Footics";
				PRODUCT_NAME = Footics;
				SWIFT_VERSION = 5.0;
				TARGETED_DEVICE_FAMILY = 1;
			};
			name = Debug;
		};
		9D3D91C523CF1D100057001B /* Release */ = {
			isa = XCBuildConfiguration;
			buildSettings = {
				ASSETCATALOG_COMPILER_APPICON_NAME = AppIcon;
				CODE_SIGN_STYLE = Automatic;
				DEVELOPMENT_TEAM = QWMN88L93Y;
				INFOPLIST_FILE = Footics/Info.plist;
				LD_RUNPATH_SEARCH_PATHS = (
					"$(inherited)",
					"@executable_path/Frameworks",
				);
				PRODUCT_BUNDLE_IDENTIFIER = "Kim-Ju-Hoon.Footics";
				PRODUCT_NAME = Footics;
				SWIFT_VERSION = 5.0;
				TARGETED_DEVICE_FAMILY = 1;
			};
			name = Release;
		};
/* End XCBuildConfiguration section */

/* Begin XCConfigurationList section */
		9D3D91AA23CF1D0D0057001B /* Build configuration list for PBXProject "Footics" */ = {
			isa = XCConfigurationList;
			buildConfigurations = (
				9D3D91C123CF1D100057001B /* Debug */,
				9D3D91C223CF1D100057001B /* Release */,
			);
			defaultConfigurationIsVisible = 0;
			defaultConfigurationName = Release;
		};
		9D3D91C323CF1D100057001B /* Build configuration list for PBXNativeTarget "Footics" */ = {
			isa = XCConfigurationList;
			buildConfigurations = (
				9D3D91C423CF1D100057001B /* Debug */,
				9D3D91C523CF1D100057001B /* Release */,
			);
			defaultConfigurationIsVisible = 0;
			defaultConfigurationName = Release;
		};
/* End XCConfigurationList section */
	};
	rootObject = 9D3D91A723CF1D0D0057001B /* Project object */;
}
